{
  "name": "card-table-playground",
  "lockfileVersion": 3,
  "requires": true,
  "packages": {
    "": {
      "name": "card-table-playground",
      "dependencies": {
        "@ctp/card-transition-contract": "file:packages/card-transition-contract"
      }
    },
    "node_modules/@ctp/card-transition-contract": {
      "resolved": "packages/card-transition-contract",
      "link": true
    },
    "packages/card-transition-contract": {
      "name": "@ctp/card-transition-contract",
      "version": "1.0.0"
    }
  }
}
